// !$*UTF8*$!
{
	archiveVersion = 1;
	classes = {
	};
	objectVersion = 56;
	objects = {

/* Begin PBXBuildFile section */
		85653A5D29C415E40083325C /* MainViewModel.swift in Sources */ = {isa = PBXBuildFile; fileRef = 85653A5C29C415E40083325C /* MainViewModel.swift */; };
		85653A5F29C422210083325C /* DetailViewModel.swift in Sources */ = {isa = PBXBuildFile; fileRef = 85653A5E29C422210083325C /* DetailViewModel.swift */; };
		85653A6129C422760083325C /* PetitionSource.swift in Sources */ = {isa = PBXBuildFile; fileRef = 85653A6029C422760083325C /* PetitionSource.swift */; };
		858D1EBF29C21BFE00A0878E /* DetailViewController.swift in Sources */ = {isa = PBXBuildFile; fileRef = 858D1EBE29C21BFE00A0878E /* DetailViewController.swift */; };
		85D9AFD829C217AB001B5636 /* AppDelegate.swift in Sources */ = {isa = PBXBuildFile; fileRef = 85D9AFD729C217AB001B5636 /* AppDelegate.swift */; };
		85D9AFDA29C217AB001B5636 /* SceneDelegate.swift in Sources */ = {isa = PBXBuildFile; fileRef = 85D9AFD929C217AB001B5636 /* SceneDelegate.swift */; };
		85D9AFDC29C217AB001B5636 /* MainViewController.swift in Sources */ = {isa = PBXBuildFile; fileRef = 85D9AFDB29C217AB001B5636 /* MainViewController.swift */; };
		85D9AFDF29C217AB001B5636 /* Main.storyboard in Resources */ = {isa = PBXBuildFile; fileRef = 85D9AFDD29C217AB001B5636 /* Main.storyboard */; };
		85D9AFE129C217AD001B5636 /* Assets.xcassets in Resources */ = {isa = PBXBuildFile; fileRef = 85D9AFE029C217AD001B5636 /* Assets.xcassets */; };
		85D9AFE429C217AD001B5636 /* LaunchScreen.storyboard in Resources */ = {isa = PBXBuildFile; fileRef = 85D9AFE229C217AD001B5636 /* LaunchScreen.storyboard */; };
		85D9AFEC29C217D3001B5636 /* Petition.swift in Sources */ = {isa = PBXBuildFile; fileRef = 85D9AFEB29C217D3001B5636 /* Petition.swift */; };
		85D9AFEE29C21990001B5636 /* Petitions.swift in Sources */ = {isa = PBXBuildFile; fileRef = 85D9AFED29C21990001B5636 /* Petitions.swift */; };
/* End PBXBuildFile section */

/* Begin PBXFileReference section */
		85653A5C29C415E40083325C /* MainViewModel.swift */ = {isa = PBXFileReference; lastKnownFileType = sourcecode.swift; path = MainViewModel.swift; sourceTree = "<group>"; };
		85653A5E29C422210083325C /* DetailViewModel.swift */ = {isa = PBXFileReference; lastKnownFileType = sourcecode.swift; path = DetailViewModel.swift; sourceTree = "<group>"; };
		85653A6029C422760083325C /* PetitionSource.swift */ = {isa = PBXFileReference; lastKnownFileType = sourcecode.swift; path = PetitionSource.swift; sourceTree = "<group>"; };
		858D1EBE29C21BFE00A0878E /* DetailViewController.swift */ = {isa = PBXFileReference; lastKnownFileType = sourcecode.swift; path = DetailViewController.swift; sourceTree = "<group>"; };
		85D9AFD429C217AB001B5636 /* Project7-Final.app */ = {isa = PBXFileReference; explicitFileType = wrapper.application; includeInIndex = 0; path = "Project7-Final.app"; sourceTree = BUILT_PRODUCTS_DIR; };
		85D9AFD729C217AB001B5636 /* AppDelegate.swift */ = {isa = PBXFileReference; lastKnownFileType = sourcecode.swift; path = AppDelegate.swift; sourceTree = "<group>"; };
		85D9AFD929C217AB001B5636 /* SceneDelegate.swift */ = {isa = PBXFileReference; lastKnownFileType = sourcecode.swift; path = SceneDelegate.swift; sourceTree = "<group>"; };
		85D9AFDB29C217AB001B5636 /* MainViewController.swift */ = {isa = PBXFileReference; lastKnownFileType = sourcecode.swift; path = MainViewController.swift; sourceTree = "<group>"; };
		85D9AFDE29C217AB001B5636 /* Base */ = {isa = PBXFileReference; lastKnownFileType = file.storyboard; name = Base; path = Base.lproj/Main.storyboard; sourceTree = "<group>"; };
		85D9AFE029C217AD001B5636 /* Assets.xcassets */ = {isa = PBXFileReference; lastKnownFileType = folder.assetcatalog; path = Assets.xcassets; sourceTree = "<group>"; };
		85D9AFE329C217AD001B5636 /* Base */ = {isa = PBXFileReference; lastKnownFileType = file.storyboard; name = Base; path = Base.lproj/LaunchScreen.storyboard; sourceTree = "<group>"; };
		85D9AFE529C217AD001B5636 /* Info.plist */ = {isa = PBXFileReference; lastKnownFileType = text.plist.xml; path = Info.plist; sourceTree = "<group>"; };
		85D9AFEB29C217D3001B5636 /* Petition.swift */ = {isa = PBXFileReference; lastKnownFileType = sourcecode.swift; path = Petition.swift; sourceTree = "<group>"; };
		85D9AFED29C21990001B5636 /* Petitions.swift */ = {isa = PBXFileReference; lastKnownFileType = sourcecode.swift; path = Petitions.swift; sourceTree = "<group>"; };
/* End PBXFileReference section */

/* Begin PBXFrameworksBuildPhase section */
		85D9AFD129C217AB001B5636 /* Frameworks */ = {
			isa = PBXFrameworksBuildPhase;
			buildActionMask = 2147483647;
			files = (
			);
			runOnlyForDeploymentPostprocessing = 0;
		};
/* End PBXFrameworksBuildPhase section */

/* Begin PBXGroup section */
		85D9AFCB29C217AA001B5636 = {
			isa = PBXGroup;
			children = (
				85D9AFD629C217AB001B5636 /* Project7-Final */,
				85D9AFD529C217AB001B5636 /* Products */,
			);
			sourceTree = "<group>";
		};
		85D9AFD529C217AB001B5636 /* Products */ = {
			isa = PBXGroup;
			children = (
				85D9AFD429C217AB001B5636 /* Project7-Final.app */,
			);
			name = Products;
			sourceTree = "<group>";
		};
		85D9AFD629C217AB001B5636 /* Project7-Final */ = {
			isa = PBXGroup;
			children = (
				85D9AFD729C217AB001B5636 /* AppDelegate.swift */,
				85D9AFD929C217AB001B5636 /* SceneDelegate.swift */,
				85D9AFDB29C217AB001B5636 /* MainViewController.swift */,
				85653A5C29C415E40083325C /* MainViewModel.swift */,
				858D1EBE29C21BFE00A0878E /* DetailViewController.swift */,
				85653A5E29C422210083325C /* DetailViewModel.swift */,
				85D9AFEB29C217D3001B5636 /* Petition.swift */,
				85D9AFED29C21990001B5636 /* Petitions.swift */,
				85653A6029C422760083325C /* PetitionSource.swift */,
				85D9AFDD29C217AB001B5636 /* Main.storyboard */,
				85D9AFE029C217AD001B5636 /* Assets.xcassets */,
				85D9AFE229C217AD001B5636 /* LaunchScreen.storyboard */,
				85D9AFE529C217AD001B5636 /* Info.plist */,
			);
			path = "Project7-Final";
			sourceTree = "<group>";
		};
/* End PBXGroup section */

/* Begin PBXNativeTarget section */
		85D9AFD329C217AB001B5636 /* Project7-Final */ = {
			isa = PBXNativeTarget;
			buildConfigurationList = 85D9AFE829C217AD001B5636 /* Build configuration list for PBXNativeTarget "Project7-Final" */;
			buildPhases = (
				85D9AFD029C217AB001B5636 /* Sources */,
				85D9AFD129C217AB001B5636 /* Frameworks */,
				85D9AFD229C217AB001B5636 /* Resources */,
			);
			buildRules = (
			);
			dependencies = (
			);
			name = "Project7-Final";
			productName = "Project7-Final";
			productReference = 85D9AFD429C217AB001B5636 /* Project7-Final.app */;
			productType = "com.apple.product-type.application";
		};
/* End PBXNativeTarget section */

/* Begin PBXProject section */
		85D9AFCC29C217AA001B5636 /* Project object */ = {
			isa = PBXProject;
			attributes = {
				BuildIndependentTargetsInParallel = 1;
				LastSwiftUpdateCheck = 1420;
				LastUpgradeCheck = 1420;
				TargetAttributes = {
					85D9AFD329C217AB001B5636 = {
						CreatedOnToolsVersion = 14.2;
					};
				};
			};
			buildConfigurationList = 85D9AFCF29C217AB001B5636 /* Build configuration list for PBXProject "Project7-Final" */;
			compatibilityVersion = "Xcode 14.0";
			developmentRegion = en;
			hasScannedForEncodings = 0;
			knownRegions = (
				en,
				Base,
			);
			mainGroup = 85D9AFCB29C217AA001B5636;
			productRefGroup = 85D9AFD529C217AB001B5636 /* Products */;
			projectDirPath = "";
			projectRoot = "";
			targets = (
				85D9AFD329C217AB001B5636 /* Project7-Final */,
			);
		};
/* End PBXProject section */

/* Begin PBXResourcesBuildPhase section */
		85D9AFD229C217AB001B5636 /* Resources */ = {
			isa = PBXResourcesBuildPhase;
			buildActionMask = 2147483647;
			files = (
				85D9AFE429C217AD001B5636 /* LaunchScreen.storyboard in Resources */,
				85D9AFE129C217AD001B5636 /* Assets.xcassets in Resources */,
				85D9AFDF29C217AB001B5636 /* Main.storyboard in Resources */,
			);
			runOnlyForDeploymentPostprocessing = 0;
		};
/* End PBXResourcesBuildPhase section */

/* Begin PBXSourcesBuildPhase section */
		85D9AFD029C217AB001B5636 /* Sources */ = {
			isa = PBXSourcesBuildPhase;
			buildActionMask = 2147483647;
			files = (
				85653A5D29C415E40083325C /* MainViewModel.swift in Sources */,
				85D9AFDC29C217AB001B5636 /* MainViewController.swift in Sources */,
				85D9AFEC29C217D3001B5636 /* Petition.swift in Sources */,
				85D9AFD829C217AB001B5636 /* AppDelegate.swift in Sources */,
				858D1EBF29C21BFE00A0878E /* DetailViewController.swift in Sources */,
				85D9AFDA29C217AB001B5636 /* SceneDelegate.swift in Sources */,
				85653A6129C422760083325C /* PetitionSource.swift in Sources */,
				85D9AFEE29C21990001B5636 /* Petitions.swift in Sources */,
				85653A5F29C422210083325C /* DetailViewModel.swift in Sources */,
			);
			runOnlyForDeploymentPostprocessing = 0;
		};
/* End PBXSourcesBuildPhase section */

/* Begin PBXVariantGroup section */
		85D9AFDD29C217AB001B5636 /* Main.storyboard */ = {
			isa = PBXVariantGroup;
			children = (
				85D9AFDE29C217AB001B5636 /* Base */,
			);
			name = Main.storyboard;
			sourceTree = "<group>";
		};
		85D9AFE229C217AD001B5636 /* LaunchScreen.storyboard */ = {
			isa = PBXVariantGroup;
			children = (
				85D9AFE329C217AD001B5636 /* Base */,
			);
			name = LaunchScreen.storyboard;
			sourceTree = "<group>";
		};
/* End PBXVariantGroup section */

/* Begin XCBuildConfiguration section */
		85D9AFE629C217AD001B5636 /* Debug */ = {
			isa = XCBuildConfiguration;
			buildSettings = {
				ALWAYS_SEARCH_USER_PATHS = NO;
				CLANG_ANALYZER_NONNULL = YES;
				CLANG_ANALYZER_NUMBER_OBJECT_CONVERSION = YES_AGGRESSIVE;
				CLANG_CXX_LANGUAGE_STANDARD = "gnu++20";
				CLANG_ENABLE_MODULES = YES;
				CLANG_ENABLE_OBJC_ARC = YES;
				CLANG_ENABLE_OBJC_WEAK = YES;
				CLANG_WARN_BLOCK_CAPTURE_AUTORELEASING = YES;
				CLANG_WARN_BOOL_CONVERSION = YES;
				CLANG_WARN_COMMA = YES;
				CLANG_WARN_CONSTANT_CONVERSION = YES;
				CLANG_WARN_DEPRECATED_OBJC_IMPLEMENTATIONS = YES;
				CLANG_WARN_DIRECT_OBJC_ISA_USAGE = YES_ERROR;
				CLANG_WARN_DOCUMENTATION_COMMENTS = YES;
				CLANG_WARN_EMPTY_BODY = YES;
				CLANG_WARN_ENUM_CONVERSION = YES;
				CLANG_WARN_INFINITE_RECURSION = YES;
				CLANG_WARN_INT_CONVERSION = YES;
				CLANG_WARN_NON_LITERAL_NULL_CONVERSION = YES;
				CLANG_WARN_OBJC_IMPLICIT_RETAIN_SELF = YES;
				CLANG_WARN_OBJC_LITERAL_CONVERSION = YES;
				CLANG_WARN_OBJC_ROOT_CLASS = YES_ERROR;
				CLANG_WARN_QUOTED_INCLUDE_IN_FRAMEWORK_HEADER = YES;
				CLANG_WARN_RANGE_LOOP_ANALYSIS = YES;
				CLANG_WARN_STRICT_PROTOTYPES = YES;
				CLANG_WARN_SUSPICIOUS_MOVE = YES;
				CLANG_WARN_UNGUARDED_AVAILABILITY = YES_AGGRESSIVE;
				CLANG_WARN_UNREACHABLE_CODE = YES;
				CLANG_WARN__DUPLICATE_METHOD_MATCH = YES;
				COPY_PHASE_STRIP = NO;
				DEBUG_INFORMATION_FORMAT = dwarf;
				ENABLE_STRICT_OBJC_MSGSEND = YES;
				ENABLE_TESTABILITY = YES;
				GCC_C_LANGUAGE_STANDARD = gnu11;
				GCC_DYNAMIC_NO_PIC = NO;
				GCC_NO_COMMON_BLOCKS = YES;
				GCC_OPTIMIZATION_LEVEL = 0;
				GCC_PREPROCESSOR_DEFINITIONS = (
					"DEBUG=1",
					"$(inherited)",
				);
				GCC_WARN_64_TO_32_BIT_CONVERSION = YES;
				GCC_WARN_ABOUT_RETURN_TYPE = YES_ERROR;
				GCC_WARN_UNDECLARED_SELECTOR = YES;
				GCC_WARN_UNINITIALIZED_AUTOS = YES_AGGRESSIVE;
				GCC_WARN_UNUSED_FUNCTION = YES;
				GCC_WARN_UNUSED_VARIABLE = YES;
				IPHONEOS_DEPLOYMENT_TARGET = 16.2;
				MTL_ENABLE_DEBUG_INFO = INCLUDE_SOURCE;
				MTL_FAST_MATH = YES;
				ONLY_ACTIVE_ARCH = YES;
				SDKROOT = iphoneos;
				SWIFT_ACTIVE_COMPILATION_CONDITIONS = DEBUG;
				SWIFT_OPTIMIZATION_LEVEL = "-Onone";
			};
			name = Debug;
		};
		85D9AFE729C217AD001B5636 /* Release */ = {
			isa = XCBuildConfiguration;
			buildSettings = {
				ALWAYS_SEARCH_USER_PATHS = NO;
				CLANG_ANALYZER_NONNULL = YES;
				CLANG_ANALYZER_NUMBER_OBJECT_CONVERSION = YES_AGGRESSIVE;
				CLANG_CXX_LANGUAGE_STANDARD = "gnu++20";
				CLANG_ENABLE_MODULES = YES;
				CLANG_ENABLE_OBJC_ARC = YES;
				CLANG_ENABLE_OBJC_WEAK = YES;
				CLANG_WARN_BLOCK_CAPTURE_AUTORELEASING = YES;
				CLANG_WARN_BOOL_CONVERSION = YES;
				CLANG_WARN_COMMA = YES;
				CLANG_WARN_CONSTANT_CONVERSION = YES;
				CLANG_WARN_DEPRECATED_OBJC_IMPLEMENTATIONS = YES;
				CLANG_WARN_DIRECT_OBJC_ISA_USAGE = YES_ERROR;
				CLANG_WARN_DOCUMENTATION_COMMENTS = YES;
				CLANG_WARN_EMPTY_BODY = YES;
				CLANG_WARN_ENUM_CONVERSION = YES;
				CLANG_WARN_INFINITE_RECURSION = YES;
				CLANG_WARN_INT_CONVERSION = YES;
				CLANG_WARN_NON_LITERAL_NULL_CONVERSION = YES;
				CLANG_WARN_OBJC_IMPLICIT_RETAIN_SELF = YES;
				CLANG_WARN_OBJC_LITERAL_CONVERSION = YES;
				CLANG_WARN_OBJC_ROOT_CLASS = YES_ERROR;
				CLANG_WARN_QUOTED_INCLUDE_IN_FRAMEWORK_HEADER = YES;
				CLANG_WARN_RANGE_LOOP_ANALYSIS = YES;
				CLANG_WARN_STRICT_PROTOTYPES = YES;
				CLANG_WARN_SUSPICIOUS_MOVE = YES;
				CLANG_WARN_UNGUARDED_AVAILABILITY = YES_AGGRESSIVE;
				CLANG_WARN_UNREACHABLE_CODE = YES;
				CLANG_WARN__DUPLICATE_METHOD_MATCH = YES;
				COPY_PHASE_STRIP = NO;
				DEBUG_INFORMATION_FORMAT = "dwarf-with-dsym";
				ENABLE_NS_ASSERTIONS = NO;
				ENABLE_STRICT_OBJC_MSGSEND = YES;
				GCC_C_LANGUAGE_STANDARD = gnu11;
				GCC_NO_COMMON_BLOCKS = YES;
				GCC_WARN_64_TO_32_BIT_CONVERSION = YES;
				GCC_WARN_ABOUT_RETURN_TYPE = YES_ERROR;
				GCC_WARN_UNDECLARED_SELECTOR = YES;
				GCC_WARN_UNINITIALIZED_AUTOS = YES_AGGRESSIVE;
				GCC_WARN_UNUSED_FUNCTION = YES;
				GCC_WARN_UNUSED_VARIABLE = YES;
				IPHONEOS_DEPLOYMENT_TARGET = 16.2;
				MTL_ENABLE_DEBUG_INFO = NO;
				MTL_FAST_MATH = YES;
				SDKROOT = iphoneos;
				SWIFT_COMPILATION_MODE = wholemodule;
				SWIFT_OPTIMIZATION_LEVEL = "-O";
				VALIDATE_PRODUCT = YES;
			};
			name = Release;
		};
		85D9AFE929C217AD001B5636 /* Debug */ = {
			isa = XCBuildConfiguration;
			buildSettings = {
				ASSETCATALOG_COMPILER_APPICON_NAME = AppIcon;
				ASSETCATALOG_COMPILER_GLOBAL_ACCENT_COLOR_NAME = AccentColor;
				CODE_SIGN_STYLE = Automatic;
				CURRENT_PROJECT_VERSION = 1;
				GENERATE_INFOPLIST_FILE = YES;
				INFOPLIST_FILE = "Project7-Final/Info.plist";
				INFOPLIST_KEY_UIApplicationSupportsIndirectInputEvents = YES;
				INFOPLIST_KEY_UILaunchStoryboardName = LaunchScreen;
				INFOPLIST_KEY_UIMainStoryboardFile = Main;
				INFOPLIST_KEY_UISupportedInterfaceOrientations_iPad = "UIInterfaceOrientationPortrait UIInterfaceOrientationPortraitUpsideDown UIInterfaceOrientationLandscapeLeft UIInterfaceOrientationLandscapeRight";
				INFOPLIST_KEY_UISupportedInterfaceOrientations_iPhone = "UIInterfaceOrientationPortrait UIInterfaceOrientationLandscapeLeft UIInterfaceOrientationLandscapeRight";
				LD_RUNPATH_SEARCH_PATHS = (
					"$(inherited)",
					"@executable_path/Frameworks",
				);
				MARKETING_VERSION = 1.0;
				PRODUCT_BUNDLE_IDENTIFIER = "com.hackingwithswift.Project7-Final";
				PRODUCT_NAME = "$(TARGET_NAME)";
				SWIFT_EMIT_LOC_STRINGS = YES;
				SWIFT_VERSION = 5.0;
				TARGETED_DEVICE_FAMILY = "1,2";
			};
			name = Debug;
		};
		85D9AFEA29C217AD001B5636 /* Release */ = {
			isa = XCBuildConfiguration;
			buildSettings = {
				ASSETCATALOG_COMPILER_APPICON_NAME = AppIcon;
				ASSETCATALOG_COMPILER_GLOBAL_ACCENT_COLOR_NAME = AccentColor;
				CODE_SIGN_STYLE = Automatic;
				CURRENT_PROJECT_VERSION = 1;
				GENERATE_INFOPLIST_FILE = YES;
				INFOPLIST_FILE = "Project7-Final/Info.plist";
				INFOPLIST_KEY_UIApplicationSupportsIndirectInputEvents = YES;
				INFOPLIST_KEY_UILaunchStoryboardName = LaunchScreen;
				INFOPLIST_KEY_UIMainStoryboardFile = Main;
				INFOPLIST_KEY_UISupportedInterfaceOrientations_iPad = "UIInterfaceOrientationPortrait UIInterfaceOrientationPortraitUpsideDown UIInterfaceOrientationLandscapeLeft UIInterfaceOrientationLandscapeRight";
				INFOPLIST_KEY_UISupportedInterfaceOrientations_iPhone = "UIInterfaceOrientationPortrait UIInterfaceOrientationLandscapeLeft UIInterfaceOrientationLandscapeRight";
				LD_RUNPATH_SEARCH_PATHS = (
					"$(inherited)",
					"@executable_path/Frameworks",
				);
				MARKETING_VERSION = 1.0;
				PRODUCT_BUNDLE_IDENTIFIER = "com.hackingwithswift.Project7-Final";
				PRODUCT_NAME = "$(TARGET_NAME)";
				SWIFT_EMIT_LOC_STRINGS = YES;
				SWIFT_VERSION = 5.0;
				TARGETED_DEVICE_FAMILY = "1,2";
			};
			name = Release;
		};
/* End XCBuildConfiguration section */

/* Begin XCConfigurationList section */
		85D9AFCF29C217AB001B5636 /* Build configuration list for PBXProject "Project7-Final" */ = {
			isa = XCConfigurationList;
			buildConfigurations = (
				85D9AFE629C217AD001B5636 /* Debug */,
				85D9AFE729C217AD001B5636 /* Release */,
			);
			defaultConfigurationIsVisible = 0;
			defaultConfigurationName = Release;
		};
		85D9AFE829C217AD001B5636 /* Build configuration list for PBXNativeTarget "Project7-Final" */ = {
			isa = XCConfigurationList;
			buildConfigurations = (
				85D9AFE929C217AD001B5636 /* Debug */,
				85D9AFEA29C217AD001B5636 /* Release */,
			);
			defaultConfigurationIsVisible = 0;
			defaultConfigurationName = Release;
		};
/* End XCConfigurationList section */
	};
	rootObject = 85D9AFCC29C217AA001B5636 /* Project object */;
}
